// !$*UTF8*$!
{
	archiveVersion = 1;
	classes = {
	};
	objectVersion = 50;
	objects = {

/* Begin PBXBuildFile section */
		FBB7A43721C16F5800E93834 /* AppDelegate.swift in Sources */ = {isa = PBXBuildFile; fileRef = FBB7A43621C16F5800E93834 /* AppDelegate.swift */; };
		FBB7A43921C16F5800E93834 /* ViewController.swift in Sources */ = {isa = PBXBuildFile; fileRef = FBB7A43821C16F5800E93834 /* ViewController.swift */; };
		FBB7A43C21C16F5800E93834 /* Main.storyboard in Resources */ = {isa = PBXBuildFile; fileRef = FBB7A43A21C16F5800E93834 /* Main.storyboard */; };
		FBB7A43E21C16F8500E93834 /* Assets.xcassets in Resources */ = {isa = PBXBuildFile; fileRef = FBB7A43D21C16F8500E93834 /* Assets.xcassets */; };
		FBB7A44121C16F8500E93834 /* LaunchScreen.storyboard in Resources */ = {isa = PBXBuildFile; fileRef = FBB7A43F21C16F8500E93834 /* LaunchScreen.storyboard */; };
		FBB7A44E21C170F100E93834 /* InternetScreenTopics.pdf in Resources */ = {isa = PBXBuildFile; fileRef = FBB7A44D21C170F100E93834 /* InternetScreenTopics.pdf */; };
		FBFF99B621C405AA00381BD5 /* InternetDetailViewController.swift in Sources */ = {isa = PBXBuildFile; fileRef = FBFF99B521C405AA00381BD5 /* InternetDetailViewController.swift */; };
		FBFF99B821C40C0400381BD5 /* InternetMasterViewController.swift in Sources */ = {isa = PBXBuildFile; fileRef = FBFF99B721C40C0400381BD5 /* InternetMasterViewController.swift */; };
/* End PBXBuildFile section */

/* Begin PBXFileReference section */
		FBB7A43321C16F5800E93834 /* InternetApp.app */ = {isa = PBXFileReference; explicitFileType = wrapper.application; includeInIndex = 0; path = InternetApp.app; sourceTree = BUILT_PRODUCTS_DIR; };
		FBB7A43621C16F5800E93834 /* AppDelegate.swift */ = {isa = PBXFileReference; lastKnownFileType = sourcecode.swift; path = AppDelegate.swift; sourceTree = "<group>"; };
		FBB7A43821C16F5800E93834 /* ViewController.swift */ = {isa = PBXFileReference; lastKnownFileType = sourcecode.swift; path = ViewController.swift; sourceTree = "<group>"; };
		FBB7A43B21C16F5800E93834 /* Base */ = {isa = PBXFileReference; lastKnownFileType = file.storyboard; name = Base; path = Base.lproj/Main.storyboard; sourceTree = "<group>"; };
		FBB7A43D21C16F8500E93834 /* Assets.xcassets */ = {isa = PBXFileReference; lastKnownFileType = folder.assetcatalog; path = Assets.xcassets; sourceTree = "<group>"; };
		FBB7A44021C16F8500E93834 /* Base */ = {isa = PBXFileReference; lastKnownFileType = file.storyboard; name = Base; path = Base.lproj/LaunchScreen.storyboard; sourceTree = "<group>"; };
		FBB7A44221C16F8500E93834 /* Info.plist */ = {isa = PBXFileReference; lastKnownFileType = text.plist.xml; path = Info.plist; sourceTree = "<group>"; };
		FBB7A44D21C170F100E93834 /* InternetScreenTopics.pdf */ = {isa = PBXFileReference; lastKnownFileType = image.pdf; name = InternetScreenTopics.pdf; path = ../../../../../Downloads/InternetScreenTopics.pdf; sourceTree = "<group>"; };
		FBFF99B521C405AA00381BD5 /* InternetDetailViewController.swift */ = {isa = PBXFileReference; lastKnownFileType = sourcecode.swift; path = InternetDetailViewController.swift; sourceTree = "<group>"; };
		FBFF99B721C40C0400381BD5 /* InternetMasterViewController.swift */ = {isa = PBXFileReference; lastKnownFileType = sourcecode.swift; path = InternetMasterViewController.swift; sourceTree = "<group>"; };
/* End PBXFileReference section */

/* Begin PBXFrameworksBuildPhase section */
		FBB7A43021C16F5800E93834 /* Frameworks */ = {
			isa = PBXFrameworksBuildPhase;
			buildActionMask = 2147483647;
			files = (
			);
			runOnlyForDeploymentPostprocessing = 0;
		};
/* End PBXFrameworksBuildPhase section */

/* Begin PBXGroup section */
		FBB7A42A21C16F5500E93834 = {
			isa = PBXGroup;
			children = (
				FBB7A43521C16F5800E93834 /* InternetApp */,
				FBB7A43421C16F5800E93834 /* Products */,
			);
			sourceTree = "<group>";
		};
		FBB7A43421C16F5800E93834 /* Products */ = {
			isa = PBXGroup;
			children = (
				FBB7A43321C16F5800E93834 /* InternetApp.app */,
			);
			name = Products;
			sourceTree = "<group>";
		};
		FBB7A43521C16F5800E93834 /* InternetApp */ = {
			isa = PBXGroup;
			children = (
				FBB7A44821C16F9E00E93834 /* Resources */,
				FBB7A44921C16FAE00E93834 /* Controller */,
				FBB7A44A21C16FD200E93834 /* View */,
			);
			path = InternetApp;
			sourceTree = "<group>";
		};
		FBB7A44821C16F9E00E93834 /* Resources */ = {
			isa = PBXGroup;
			children = (
				FBB7A43621C16F5800E93834 /* AppDelegate.swift */,
				FBB7A44D21C170F100E93834 /* InternetScreenTopics.pdf */,
				FBB7A43D21C16F8500E93834 /* Assets.xcassets */,
				FBB7A44221C16F8500E93834 /* Info.plist */,
			);
			path = Resources;
			sourceTree = "<group>";
		};
		FBB7A44921C16FAE00E93834 /* Controller */ = {
			isa = PBXGroup;
			children = (
				FBB7A43821C16F5800E93834 /* ViewController.swift */,
				FBFF99B721C40C0400381BD5 /* InternetMasterViewController.swift */,
				FBFF99B521C405AA00381BD5 /* InternetDetailViewController.swift */,
			);
			path = Controller;
			sourceTree = "<group>";
		};
		FBB7A44A21C16FD200E93834 /* View */ = {
			isa = PBXGroup;
			children = (
				FBB7A43A21C16F5800E93834 /* Main.storyboard */,
				FBB7A43F21C16F8500E93834 /* LaunchScreen.storyboard */,
			);
			path = View;
			sourceTree = "<group>";
		};
/* End PBXGroup section */

/* Begin PBXNativeTarget section */
		FBB7A43221C16F5800E93834 /* InternetApp */ = {
			isa = PBXNativeTarget;
			buildConfigurationList = FBB7A44521C16F8500E93834 /* Build configuration list for PBXNativeTarget "InternetApp" */;
			buildPhases = (
				FBB7A42F21C16F5800E93834 /* Sources */,
				FBB7A43021C16F5800E93834 /* Frameworks */,
				FBB7A43121C16F5800E93834 /* Resources */,
			);
			buildRules = (
			);
			dependencies = (
			);
			name = InternetApp;
			productName = InternetApp;
			productReference = FBB7A43321C16F5800E93834 /* InternetApp.app */;
			productType = "com.apple.product-type.application";
		};
/* End PBXNativeTarget section */

/* Begin PBXProject section */
		FBB7A42B21C16F5600E93834 /* Project object */ = {
			isa = PBXProject;
			attributes = {
				LastSwiftUpdateCheck = 1000;
				LastUpgradeCheck = 1000;
				ORGANIZATIONNAME = "Judkins, Jensen";
				TargetAttributes = {
					FBB7A43221C16F5800E93834 = {
						CreatedOnToolsVersion = 10.0;
					};
				};
			};
			buildConfigurationList = FBB7A42E21C16F5700E93834 /* Build configuration list for PBXProject "InternetApp" */;
			compatibilityVersion = "Xcode 9.3";
			developmentRegion = en;
			hasScannedForEncodings = 0;
			knownRegions = (
				en,
				Base,
			);
			mainGroup = FBB7A42A21C16F5500E93834;
			productRefGroup = FBB7A43421C16F5800E93834 /* Products */;
			projectDirPath = "";
			projectRoot = "";
			targets = (
				FBB7A43221C16F5800E93834 /* InternetApp */,
			);
		};
/* End PBXProject section */

/* Begin PBXResourcesBuildPhase section */
		FBB7A43121C16F5800E93834 /* Resources */ = {
			isa = PBXResourcesBuildPhase;
			buildActionMask = 2147483647;
			files = (
				FBB7A44121C16F8500E93834 /* LaunchScreen.storyboard in Resources */,
				FBB7A43E21C16F8500E93834 /* Assets.xcassets in Resources */,
				FBB7A44E21C170F100E93834 /* InternetScreenTopics.pdf in Resources */,
				FBB7A43C21C16F5800E93834 /* Main.storyboard in Resources */,
			);
			runOnlyForDeploymentPostprocessing = 0;
		};
/* End PBXResourcesBuildPhase section */

/* Begin PBXSourcesBuildPhase section */
		FBB7A42F21C16F5800E93834 /* Sources */ = {
			isa = PBXSourcesBuildPhase;
			buildActionMask = 2147483647;
			files = (
				FBB7A43921C16F5800E93834 /* ViewController.swift in Sources */,
				FBFF99B621C405AA00381BD5 /* InternetDetailViewController.swift in Sources */,
				FBFF99B821C40C0400381BD5 /* InternetMasterViewController.swift in Sources */,
				FBB7A43721C16F5800E93834 /* AppDelegate.swift in Sources */,
			);
			runOnlyForDeploymentPostprocessing = 0;
		};
/* End PBXSourcesBuildPhase section */

/* Begin PBXVariantGroup section */
		FBB7A43A21C16F5800E93834 /* Main.storyboard */ = {
			isa = PBXVariantGroup;
			children = (
				FBB7A43B21C16F5800E93834 /* Base */,
			);
			name = Main.storyboard;
			sourceTree = "<group>";
		};
		FBB7A43F21C16F8500E93834 /* LaunchScreen.storyboard */ = {
			isa = PBXVariantGroup;
			children = (
				FBB7A44021C16F8500E93834 /* Base */,
			);
			name = LaunchScreen.storyboard;
			sourceTree = "<group>";
		};
/* End PBXVariantGroup section */

/* Begin XCBuildConfiguration section */
		FBB7A44321C16F8500E93834 /* Debug */ = {
			isa = XCBuildConfiguration;
			buildSettings = {
				ALWAYS_SEARCH_USER_PATHS = NO;
				CLANG_ANALYZER_NONNULL = YES;
				CLANG_ANALYZER_NUMBER_OBJECT_CONVERSION = YES_AGGRESSIVE;
				CLANG_CXX_LANGUAGE_STANDARD = "gnu++14";
				CLANG_CXX_LIBRARY = "libc++";
				CLANG_ENABLE_MODULES = YES;
				CLANG_ENABLE_OBJC_ARC = YES;
				CLANG_ENABLE_OBJC_WEAK = YES;
				CLANG_WARN_BLOCK_CAPTURE_AUTORELEASING = YES;
				CLANG_WARN_BOOL_CONVERSION = YES;
				CLANG_WARN_COMMA = YES;
				CLANG_WARN_CONSTANT_CONVERSION = YES;
				CLANG_WARN_DEPRECATED_OBJC_IMPLEMENTATIONS = YES;
				CLANG_WARN_DIRECT_OBJC_ISA_USAGE = YES_ERROR;
				CLANG_WARN_DOCUMENTATION_COMMENTS = YES;
				CLANG_WARN_EMPTY_BODY = YES;
				CLANG_WARN_ENUM_CONVERSION = YES;
				CLANG_WARN_INFINITE_RECURSION = YES;
				CLANG_WARN_INT_CONVERSION = YES;
				CLANG_WARN_NON_LITERAL_NULL_CONVERSION = YES;
				CLANG_WARN_OBJC_IMPLICIT_RETAIN_SELF = YES;
				CLANG_WARN_OBJC_LITERAL_CONVERSION = YES;
				CLANG_WARN_OBJC_ROOT_CLASS = YES_ERROR;
				CLANG_WARN_RANGE_LOOP_ANALYSIS = YES;
				CLANG_WARN_STRICT_PROTOTYPES = YES;
				CLANG_WARN_SUSPICIOUS_MOVE = YES;
				CLANG_WARN_UNGUARDED_AVAILABILITY = YES_AGGRESSIVE;
				CLANG_WARN_UNREACHABLE_CODE = YES;
				CLANG_WARN__DUPLICATE_METHOD_MATCH = YES;
				CODE_SIGN_IDENTITY = "iPhone Developer";
				COPY_PHASE_STRIP = NO;
				DEBUG_INFORMATION_FORMAT = dwarf;
				ENABLE_STRICT_OBJC_MSGSEND = YES;
				ENABLE_TESTABILITY = YES;
				GCC_C_LANGUAGE_STANDARD = gnu11;
				GCC_DYNAMIC_NO_PIC = NO;
				GCC_NO_COMMON_BLOCKS = YES;
				GCC_OPTIMIZATION_LEVEL = 0;
				GCC_PREPROCESSOR_DEFINITIONS = (
					"DEBUG=1",
					"$(inherited)",
				);
				GCC_WARN_64_TO_32_BIT_CONVERSION = YES;
				GCC_WARN_ABOUT_RETURN_TYPE = YES_ERROR;
				GCC_WARN_UNDECLARED_SELECTOR = YES;
				GCC_WARN_UNINITIALIZED_AUTOS = YES_AGGRESSIVE;
				GCC_WARN_UNUSED_FUNCTION = YES;
				GCC_WARN_UNUSED_VARIABLE = YES;
				IPHONEOS_DEPLOYMENT_TARGET = 12.0;
				MTL_ENABLE_DEBUG_INFO = INCLUDE_SOURCE;
				MTL_FAST_MATH = YES;
				ONLY_ACTIVE_ARCH = YES;
				SDKROOT = iphoneos;
				SWIFT_ACTIVE_COMPILATION_CONDITIONS = DEBUG;
				SWIFT_OPTIMIZATION_LEVEL = "-Onone";
			};
			name = Debug;
		};
		FBB7A44421C16F8500E93834 /* Release */ = {
			isa = XCBuildConfiguration;
			buildSettings = {
				ALWAYS_SEARCH_USER_PATHS = NO;
				CLANG_ANALYZER_NONNULL = YES;
				CLANG_ANALYZER_NUMBER_OBJECT_CONVERSION = YES_AGGRESSIVE;
				CLANG_CXX_LANGUAGE_STANDARD = "gnu++14";
				CLANG_CXX_LIBRARY = "libc++";
				CLANG_ENABLE_MODULES = YES;
				CLANG_ENABLE_OBJC_ARC = YES;
				CLANG_ENABLE_OBJC_WEAK = YES;
				CLANG_WARN_BLOCK_CAPTURE_AUTORELEASING = YES;
				CLANG_WARN_BOOL_CONVERSION = YES;
				CLANG_WARN_COMMA = YES;
				CLANG_WARN_CONSTANT_CONVERSION = YES;
				CLANG_WARN_DEPRECATED_OBJC_IMPLEMENTATIONS = YES;
				CLANG_WARN_DIRECT_OBJC_ISA_USAGE = YES_ERROR;
				CLANG_WARN_DOCUMENTATION_COMMENTS = YES;
				CLANG_WARN_EMPTY_BODY = YES;
				CLANG_WARN_ENUM_CONVERSION = YES;
				CLANG_WARN_INFINITE_RECURSION = YES;
				CLANG_WARN_INT_CONVERSION = YES;
				CLANG_WARN_NON_LITERAL_NULL_CONVERSION = YES;
				CLANG_WARN_OBJC_IMPLICIT_RETAIN_SELF = YES;
				CLANG_WARN_OBJC_LITERAL_CONVERSION = YES;
				CLANG_WARN_OBJC_ROOT_CLASS = YES_ERROR;
				CLANG_WARN_RANGE_LOOP_ANALYSIS = YES;
				CLANG_WARN_STRICT_PROTOTYPES = YES;
				CLANG_WARN_SUSPICIOUS_MOVE = YES;
				CLANG_WARN_UNGUARDED_AVAILABILITY = YES_AGGRESSIVE;
				CLANG_WARN_UNREACHABLE_CODE = YES;
				CLANG_WARN__DUPLICATE_METHOD_MATCH = YES;
				CODE_SIGN_IDENTITY = "iPhone Developer";
				COPY_PHASE_STRIP = NO;
				DEBUG_INFORMATION_FORMAT = "dwarf-with-dsym";
				ENABLE_NS_ASSERTIONS = NO;
				ENABLE_STRICT_OBJC_MSGSEND = YES;
				GCC_C_LANGUAGE_STANDARD = gnu11;
				GCC_NO_COMMON_BLOCKS = YES;
				GCC_WARN_64_TO_32_BIT_CONVERSION = YES;
				GCC_WARN_ABOUT_RETURN_TYPE = YES_ERROR;
				GCC_WARN_UNDECLARED_SELECTOR = YES;
				GCC_WARN_UNINITIALIZED_AUTOS = YES_AGGRESSIVE;
				GCC_WARN_UNUSED_FUNCTION = YES;
				GCC_WARN_UNUSED_VARIABLE = YES;
				IPHONEOS_DEPLOYMENT_TARGET = 12.0;
				MTL_ENABLE_DEBUG_INFO = NO;
				MTL_FAST_MATH = YES;
				SDKROOT = iphoneos;
				SWIFT_COMPILATION_MODE = wholemodule;
				SWIFT_OPTIMIZATION_LEVEL = "-O";
				VALIDATE_PRODUCT = YES;
			};
			name = Release;
		};
		FBB7A44621C16F8500E93834 /* Debug */ = {
			isa = XCBuildConfiguration;
			buildSettings = {
				ASSETCATALOG_COMPILER_APPICON_NAME = AppIcon;
				CODE_SIGN_STYLE = Automatic;
				INFOPLIST_FILE = "$(SRCROOT)/InternetApp/Resources/Info.plist";
				LD_RUNPATH_SEARCH_PATHS = (
					"$(inherited)",
					"@executable_path/Frameworks",
				);
				PRODUCT_BUNDLE_IDENTIFIER = CTECH.InternetApp;
				PRODUCT_NAME = "$(TARGET_NAME)";
				SWIFT_VERSION = 4.2;
				TARGETED_DEVICE_FAMILY = "1,2";
			};
			name = Debug;
		};
		FBB7A44721C16F8500E93834 /* Release */ = {
			isa = XCBuildConfiguration;
			buildSettings = {
				ASSETCATALOG_COMPILER_APPICON_NAME = AppIcon;
				CODE_SIGN_STYLE = Automatic;
				INFOPLIST_FILE = "$(SRCROOT)/InternetApp/Resources/Info.plist";
				LD_RUNPATH_SEARCH_PATHS = (
					"$(inherited)",
					"@executable_path/Frameworks",
				);
				PRODUCT_BUNDLE_IDENTIFIER = CTECH.InternetApp;
				PRODUCT_NAME = "$(TARGET_NAME)";
				SWIFT_VERSION = 4.2;
				TARGETED_DEVICE_FAMILY = "1,2";
			};
			name = Release;
		};
/* End XCBuildConfiguration section */

/* Begin XCConfigurationList section */
		FBB7A42E21C16F5700E93834 /* Build configuration list for PBXProject "InternetApp" */ = {
			isa = XCConfigurationList;
			buildConfigurations = (
				FBB7A44321C16F8500E93834 /* Debug */,
				FBB7A44421C16F8500E93834 /* Release */,
			);
			defaultConfigurationIsVisible = 0;
			defaultConfigurationName = Release;
		};
		FBB7A44521C16F8500E93834 /* Build configuration list for PBXNativeTarget "InternetApp" */ = {
			isa = XCConfigurationList;
			buildConfigurations = (
				FBB7A44621C16F8500E93834 /* Debug */,
				FBB7A44721C16F8500E93834 /* Release */,
			);
			defaultConfigurationIsVisible = 0;
			defaultConfigurationName = Release;
		};
/* End XCConfigurationList section */
	};
	rootObject = FBB7A42B21C16F5600E93834 /* Project object */;
}
